# @generated - this file is auto-generated by `mise lock` https://mise.jdx.dev/dev-tools/mise-lock.html

lockfile_version = 1

[[tools."aqua:koalaman/shellcheck"]]
version = "0.11.0"
backend = "aqua:koalaman/shellcheck"
specifiers = ["0.11.0"]

[tools."aqua:koalaman/shellcheck"."platforms.linux-arm64"]
checksum = "sha256:12b331c1d2db6b9eb13cfca64306b1b157a86eb69db83023e261eaa7e7c14588"
url = "https://github.com/koalaman/shellcheck/releases/download/v0.11.0/shellcheck-v0.11.0.linux.aarch64.tar.xz"
url_api = "https://api.github.com/repos/koalaman/shellcheck/releases/assets/279056934"

[tools."aqua:koalaman/shellcheck"."platforms.linux-arm64-musl"]
checksum = "sha256:12b331c1d2db6b9eb13cfca64306b1b157a86eb69db83023e261eaa7e7c14588"
url = "https://github.com/koalaman/shellcheck/releases/download/v0.11.0/shellcheck-v0.11.0.linux.aarch64.tar.xz"
url_api = "https://api.github.com/repos/koalaman/shellcheck/releases/assets/279056934"

[tools."aqua:koalaman/shellcheck"."platforms.linux-x64"]
checksum = "sha256:8c3be12b05d5c177a04c29e3c78ce89ac86f1595681cab149b65b97c4e227198"
url = "https://github.com/koalaman/shellcheck/releases/download/v0.11.0/shellcheck-v0.11.0.linux.x86_64.tar.xz"
url_api = "https://api.github.com/repos/koalaman/shellcheck/releases/assets/279056942"

[tools."aqua:koalaman/shellcheck"."platforms.linux-x64-musl"]
checksum = "sha256:8c3be12b05d5c177a04c29e3c78ce89ac86f1595681cab149b65b97c4e227198"
url = "https://github.com/koalaman/shellcheck/releases/download/v0.11.0/shellcheck-v0.11.0.linux.x86_64.tar.xz"
url_api = "https://api.github.com/repos/koalaman/shellcheck/releases/assets/279056942"

[tools."aqua:koalaman/shellcheck"."platforms.macos-arm64"]
checksum = "sha256:56affdd8de5527894dca6dc3d7e0a99a873b0f004d7aabc30ae407d3f48b0a79"
url = "https://github.com/koalaman/shellcheck/releases/download/v0.11.0/shellcheck-v0.11.0.darwin.aarch64.tar.xz"
url_api = "https://api.github.com/repos/koalaman/shellcheck/releases/assets/279056932"

[tools."aqua:koalaman/shellcheck"."platforms.macos-x64"]
checksum = "sha256:3c89db4edcab7cf1c27bff178882e0f6f27f7afdf54e859fa041fca10febe4c6"
url = "https://github.com/koalaman/shellcheck/releases/download/v0.11.0/shellcheck-v0.11.0.darwin.x86_64.tar.xz"
url_api = "https://api.github.com/repos/koalaman/shellcheck/releases/assets/279056930"

[tools."aqua:koalaman/shellcheck"."platforms.windows-x64"]
checksum = "sha256:8a4e35ab0b331c85d73567b12f2a444df187f483e5079ceffa6bda1faa2e740e"
url = "https://github.com/koalaman/shellcheck/releases/download/v0.11.0/shellcheck-v0.11.0.zip"
url_api = "https://api.github.com/repos/koalaman/shellcheck/releases/assets/279056944"

[[tools.node]]
version = "22.23.2"
backend = "core:node"
specifiers = ["22"]

[tools.node."platforms.linux-arm64"]
checksum = "sha256:013b59cfd2819703a6f4a14ab891fc46fc2a4e3f5bcd92de3fb4929b43e35b30"
url = "https://nodejs.org/dist/v22.23.2/node-v22.23.2-linux-arm64.tar.gz"

[tools.node."platforms.linux-arm64-musl"]
checksum = "sha256:b7a1a2b1c7c76e47550f17764676939840e0a64b4d04bdd375a4ac14bccaa8d8"
url = "https://unofficial-builds.nodejs.org/download/release/v22.23.2/node-v22.23.2-linux-arm64-musl.tar.gz"

[tools.node."platforms.linux-x64"]
checksum = "sha256:b294a556e639d64338823920e5866c21c02741742d2e1529ee1a225c1ec9252a"
url = "https://nodejs.org/dist/v22.23.2/node-v22.23.2-linux-x64.tar.gz"

[tools.node."platforms.linux-x64-musl"]
checksum = "sha256:396e11ee609eb2e5cb990f045c4d037aa47b2c247f3cecb01c5c162e33ffa9af"
url = "https://unofficial-builds.nodejs.org/download/release/v22.23.2/node-v22.23.2-linux-x64-musl.tar.gz"

[tools.node."platforms.macos-arm64"]
checksum = "sha256:61130f394c1630d211dd50aecc4353d379480f36d3ac913cd85dbba1aed585c6"
url = "https://nodejs.org/dist/v22.23.2/node-v22.23.2-darwin-arm64.tar.gz"

[tools.node."platforms.macos-x64"]
checksum = "sha256:58e99022c2ff89395576cc7fd4d98cea24bb68081475d5f88b801ee8729fb026"
url = "https://nodejs.org/dist/v22.23.2/node-v22.23.2-darwin-x64.tar.gz"

[tools.node."platforms.windows-x64"]
checksum = "sha256:1177b4137ba5adaa56354ae40f1080c7450e8ae09cecb47da459d1c52ac99f97"
url = "https://nodejs.org/dist/v22.23.2/node-v22.23.2-win-x64.zip"

[[tools."npm:lefthook"]]
version = "1.13.6"
backend = "npm:lefthook"
specifiers = ["1.13.6"]

[[tools."npm:oxfmt"]]
version = "0.59.0"
backend = "npm:oxfmt"
specifiers = ["0.59.0"]

[[tools."npm:oxlint"]]
version = "1.76.0"
backend = "npm:oxlint"
specifiers = ["1.76.0"]

[[tools.shfmt]]
version = "3.13.1"
backend = "aqua:mvdan/sh"
specifiers = ["3.13.1"]

[tools.shfmt."platforms.linux-arm64"]
checksum = "sha256:32d92acaa5cd8abb29fc49dac123dc412442d5713967819d8af2c29f1b3857c7"
url = "https://github.com/mvdan/sh/releases/download/v3.13.1/shfmt_v3.13.1_linux_arm64"
url_api = "https://api.github.com/repos/mvdan/sh/releases/assets/390322859"

[tools.shfmt."platforms.linux-arm64-musl"]
checksum = "sha256:32d92acaa5cd8abb29fc49dac123dc412442d5713967819d8af2c29f1b3857c7"
url = "https://github.com/mvdan/sh/releases/download/v3.13.1/shfmt_v3.13.1_linux_arm64"
url_api = "https://api.github.com/repos/mvdan/sh/releases/assets/390322859"

[tools.shfmt."platforms.linux-x64"]
checksum = "sha256:fb096c5d1ac6beabbdbaa2874d025badb03ee07929f0c9ff67563ce8c75398b1"
url = "https://github.com/mvdan/sh/releases/download/v3.13.1/shfmt_v3.13.1_linux_amd64"
url_api = "https://api.github.com/repos/mvdan/sh/releases/assets/390322866"

[tools.shfmt."platforms.linux-x64-musl"]
checksum = "sha256:fb096c5d1ac6beabbdbaa2874d025badb03ee07929f0c9ff67563ce8c75398b1"
url = "https://github.com/mvdan/sh/releases/download/v3.13.1/shfmt_v3.13.1_linux_amd64"
url_api = "https://api.github.com/repos/mvdan/sh/releases/assets/390322866"

[tools.shfmt."platforms.macos-arm64"]
checksum = "sha256:9680526be4a66ea1ffe988ed08af58e1400fe1e4f4aef5bd88b20bb9b3da33f8"
url = "https://github.com/mvdan/sh/releases/download/v3.13.1/shfmt_v3.13.1_darwin_arm64"
url_api = "https://api.github.com/repos/mvdan/sh/releases/assets/390322881"

[tools.shfmt."platforms.macos-x64"]
checksum = "sha256:6feedafc72915794163114f512348e2437d080d0047ef8b8fa2ec63b575f12af"
url = "https://github.com/mvdan/sh/releases/download/v3.13.1/shfmt_v3.13.1_darwin_amd64"
url_api = "https://api.github.com/repos/mvdan/sh/releases/assets/390322886"

[tools.shfmt."platforms.windows-x64"]
checksum = "sha256:60cd368533d0ad73fa86d93d5bbf95ef40587245ce684ed138c1b31557b5fe97"
url = "https://github.com/mvdan/sh/releases/download/v3.13.1/shfmt_v3.13.1_windows_amd64.exe"
url_api = "https://api.github.com/repos/mvdan/sh/releases/assets/390322844"
